
Microsoft Visual Studio Solution File, Format Version 12.00
# Visual Studio Version 17
VisualStudioVersion = 17.9.34728.123
MinimumVisualStudioVersion = 10.0.40219.1
Project("{FAE04EC0-301F-11D3-BF4B-00C04F79EFBC}") = "FetchApplication", "FetchApplication\FetchApplication.csproj", "{C13F3614-1762-4CC3-9F14-EDC0D221F969}"
EndProject
Global
	GlobalSection(SolutionConfigurationPlatforms) = preSolution
		Debug|Any CPU = Debug|Any CPU
		Release|Any CPU = Release|Any CPU
	EndGlobalSection
	GlobalSection(ProjectConfigurationPlatforms) = postSolution
		{C13F3614-1762-4CC3-9F14-EDC0D221F969}.Debug|Any CPU.ActiveCfg = Debug|Any CPU
		{C13F3614-1762-4CC3-9F14-EDC0D221F969}.Debug|Any CPU.Build.0 = Debug|Any CPU
		{C13F3614-1762-4CC3-9F14-EDC0D221F969}.Release|Any CPU.ActiveCfg = Release|Any CPU
		{C13F3614-1762-4CC3-9F14-EDC0D221F969}.Release|Any CPU.Build.0 = Release|Any CPU
	EndGlobalSection
	GlobalSection(SolutionProperties) = preSolution
		HideSolutionNode = FALSE
	EndGlobalSection
	GlobalSection(ExtensibilityGlobals) = postSolution
		SolutionGuid = {8D3DC547-64D5-4083-9BDD-26AB6615E252}
	EndGlobalSection
EndGlobal
